
Microsoft Visual Studio Solution File, Format Version 12.00
# Visual Studio Version 16
VisualStudioVersion = 16.0.30804.86
MinimumVisualStudioVersion = 10.0.40219.1
Project("{FAE04EC0-301F-11D3-BF4B-00C04F79EFBC}") = "Notes-MarketPlace", "Notes-MarketPlace\Notes-MarketPlace.csproj", "{2FBA3A9E-0FEA-4695-902A-68A5255D2E45}"
EndProject
Global
	GlobalSection(SolutionConfigurationPlatforms) = preSolution
		Debug|Any CPU = Debug|Any CPU
		Release|Any CPU = Release|Any CPU
	EndGlobalSection
	GlobalSection(ProjectConfigurationPlatforms) = postSolution
		{2FBA3A9E-0FEA-4695-902A-68A5255D2E45}.Debug|Any CPU.ActiveCfg = Debug|Any CPU
		{2FBA3A9E-0FEA-4695-902A-68A5255D2E45}.Debug|Any CPU.Build.0 = Debug|Any CPU
		{2FBA3A9E-0FEA-4695-902A-68A5255D2E45}.Release|Any CPU.ActiveCfg = Release|Any CPU
		{2FBA3A9E-0FEA-4695-902A-68A5255D2E45}.Release|Any CPU.Build.0 = Release|Any CPU
	EndGlobalSection
	GlobalSection(SolutionProperties) = preSolution
		HideSolutionNode = FALSE
	EndGlobalSection
	GlobalSection(ExtensibilityGlobals) = postSolution
		SolutionGuid = {4539E83E-EA9D-453B-86D3-CB33007B0170}
	EndGlobalSection
EndGlobal
